
Microsoft Visual Studio Solution File, Format Version 11.00
# Visual Studio 2010
Project("{8BC9CEB8-8B4A-11D0-8D11-00A0C91BC942}") = "strcat", "strcat\strcat.vcxproj", "{23C17E62-8125-4490-9167-52F80F505A88}"
EndProject
Global
	GlobalSection(SolutionConfigurationPlatforms) = preSolution
		Debug|Win32 = Debug|Win32
		Release|Win32 = Release|Win32
	EndGlobalSection
	GlobalSection(ProjectConfigurationPlatforms) = postSolution
		{23C17E62-8125-4490-9167-52F80F505A88}.Debug|Win32.ActiveCfg = Debug|Win32
		{23C17E62-8125-4490-9167-52F80F505A88}.Debug|Win32.Build.0 = Debug|Win32
		{23C17E62-8125-4490-9167-52F80F505A88}.Release|Win32.ActiveCfg = Release|Win32
		{23C17E62-8125-4490-9167-52F80F505A88}.Release|Win32.Build.0 = Release|Win32
	EndGlobalSection
	GlobalSection(SolutionProperties) = preSolution
		HideSolutionNode = FALSE
	EndGlobalSection
EndGlobal
